
Microsoft Visual Studio Solution File, Format Version 12.00
# Visual Studio Version 17
VisualStudioVersion = 17.7.34024.191
MinimumVisualStudioVersion = 10.0.40219.1
Project("{FAE04EC0-301F-11D3-BF4B-00C04F79EFBC}") = "L4_BMCG_1049923", "L4_BMCG_1049923\L4_BMCG_1049923.csproj", "{343C36FC-CA45-4CB1-80DD-E5BBEE21C022}"
EndProject
Global
	GlobalSection(SolutionConfigurationPlatforms) = preSolution
		Debug|Any CPU = Debug|Any CPU
		Release|Any CPU = Release|Any CPU
	EndGlobalSection
	GlobalSection(ProjectConfigurationPlatforms) = postSolution
		{343C36FC-CA45-4CB1-80DD-E5BBEE21C022}.Debug|Any CPU.ActiveCfg = Debug|Any CPU
		{343C36FC-CA45-4CB1-80DD-E5BBEE21C022}.Debug|Any CPU.Build.0 = Debug|Any CPU
		{343C36FC-CA45-4CB1-80DD-E5BBEE21C022}.Release|Any CPU.ActiveCfg = Release|Any CPU
		{343C36FC-CA45-4CB1-80DD-E5BBEE21C022}.Release|Any CPU.Build.0 = Release|Any CPU
	EndGlobalSection
	GlobalSection(SolutionProperties) = preSolution
		HideSolutionNode = FALSE
	EndGlobalSection
	GlobalSection(ExtensibilityGlobals) = postSolution
		SolutionGuid = {82059FC7-813C-48BE-9051-13AB3016C802}
	EndGlobalSection
EndGlobal
