
Microsoft Visual Studio Solution File, Format Version 12.00
# Visual Studio Version 17
VisualStudioVersion = 17.7.34024.191
MinimumVisualStudioVersion = 10.0.40219.1
Project("{FAE04EC0-301F-11D3-BF4B-00C04F79EFBC}") = "L10_EJERCICIO_B,CG_1049923", "L10_EJERCICIO_B,CG_1049923\L10_EJERCICIO_B,CG_1049923.csproj", "{0FE87BB5-D2EE-4362-A844-3EF3C1BE62BF}"
EndProject
Global
	GlobalSection(SolutionConfigurationPlatforms) = preSolution
		Debug|Any CPU = Debug|Any CPU
		Release|Any CPU = Release|Any CPU
	EndGlobalSection
	GlobalSection(ProjectConfigurationPlatforms) = postSolution
		{0FE87BB5-D2EE-4362-A844-3EF3C1BE62BF}.Debug|Any CPU.ActiveCfg = Debug|Any CPU
		{0FE87BB5-D2EE-4362-A844-3EF3C1BE62BF}.Debug|Any CPU.Build.0 = Debug|Any CPU
		{0FE87BB5-D2EE-4362-A844-3EF3C1BE62BF}.Release|Any CPU.ActiveCfg = Release|Any CPU
		{0FE87BB5-D2EE-4362-A844-3EF3C1BE62BF}.Release|Any CPU.Build.0 = Release|Any CPU
	EndGlobalSection
	GlobalSection(SolutionProperties) = preSolution
		HideSolutionNode = FALSE
	EndGlobalSection
	GlobalSection(ExtensibilityGlobals) = postSolution
		SolutionGuid = {DD74F979-5BC5-473B-ABD6-F7E8E2CA7888}
	EndGlobalSection
EndGlobal
