
Microsoft Visual Studio Solution File, Format Version 12.00
# Visual Studio Version 17
VisualStudioVersion = 17.7.34202.233
MinimumVisualStudioVersion = 10.0.40219.1
Project("{FAE04EC0-301F-11D3-BF4B-00C04F79EFBC}") = "SEMANA_14_LABORATORIO_1049923_BMCG", "SEMANA_14_LABORATORIO_1049923_BMCG\SEMANA_14_LABORATORIO_1049923_BMCG.csproj", "{D07CEF47-E7E6-4C4F-8BFE-AE5E9A65764C}"
EndProject
Global
	GlobalSection(SolutionConfigurationPlatforms) = preSolution
		Debug|Any CPU = Debug|Any CPU
		Release|Any CPU = Release|Any CPU
	EndGlobalSection
	GlobalSection(ProjectConfigurationPlatforms) = postSolution
		{D07CEF47-E7E6-4C4F-8BFE-AE5E9A65764C}.Debug|Any CPU.ActiveCfg = Debug|Any CPU
		{D07CEF47-E7E6-4C4F-8BFE-AE5E9A65764C}.Debug|Any CPU.Build.0 = Debug|Any CPU
		{D07CEF47-E7E6-4C4F-8BFE-AE5E9A65764C}.Release|Any CPU.ActiveCfg = Release|Any CPU
		{D07CEF47-E7E6-4C4F-8BFE-AE5E9A65764C}.Release|Any CPU.Build.0 = Release|Any CPU
	EndGlobalSection
	GlobalSection(SolutionProperties) = preSolution
		HideSolutionNode = FALSE
	EndGlobalSection
	GlobalSection(ExtensibilityGlobals) = postSolution
		SolutionGuid = {28C11CC5-5AD0-4EE1-87A6-F76472E784EE}
	EndGlobalSection
EndGlobal
