
Microsoft Visual Studio Solution File, Format Version 12.00
# Visual Studio Version 17
VisualStudioVersion = 17.7.34202.233
MinimumVisualStudioVersion = 10.0.40219.1
Project("{FAE04EC0-301F-11D3-BF4B-00C04F79EFBC}") = "Proyecto no. 01 GRUPO A (progra)", "Proyecto no. 01 GRUPO A (progra)\Proyecto no. 01 GRUPO A (progra).csproj", "{F51FABD2-BE30-412A-84A4-7386DEF2605E}"
EndProject
Global
	GlobalSection(SolutionConfigurationPlatforms) = preSolution
		Debug|Any CPU = Debug|Any CPU
		Release|Any CPU = Release|Any CPU
	EndGlobalSection
	GlobalSection(ProjectConfigurationPlatforms) = postSolution
		{F51FABD2-BE30-412A-84A4-7386DEF2605E}.Debug|Any CPU.ActiveCfg = Debug|Any CPU
		{F51FABD2-BE30-412A-84A4-7386DEF2605E}.Debug|Any CPU.Build.0 = Debug|Any CPU
		{F51FABD2-BE30-412A-84A4-7386DEF2605E}.Release|Any CPU.ActiveCfg = Release|Any CPU
		{F51FABD2-BE30-412A-84A4-7386DEF2605E}.Release|Any CPU.Build.0 = Release|Any CPU
	EndGlobalSection
	GlobalSection(SolutionProperties) = preSolution
		HideSolutionNode = FALSE
	EndGlobalSection
	GlobalSection(ExtensibilityGlobals) = postSolution
		SolutionGuid = {5D4E6090-BF06-44A9-AB7D-F7D4491908EB}
	EndGlobalSection
EndGlobal
