
Microsoft Visual Studio Solution File, Format Version 12.00
# Visual Studio Version 17
VisualStudioVersion = 17.7.34202.233
MinimumVisualStudioVersion = 10.0.40219.1
Project("{FAE04EC0-301F-11D3-BF4B-00C04F79EFBC}") = "LAB13_BMCG_1049923", "LAB13_BMCG_1049923\LAB13_BMCG_1049923.csproj", "{CF3FF1DF-6C3A-4F78-AD79-3421F1159706}"
EndProject
Global
	GlobalSection(SolutionConfigurationPlatforms) = preSolution
		Debug|Any CPU = Debug|Any CPU
		Release|Any CPU = Release|Any CPU
	EndGlobalSection
	GlobalSection(ProjectConfigurationPlatforms) = postSolution
		{CF3FF1DF-6C3A-4F78-AD79-3421F1159706}.Debug|Any CPU.ActiveCfg = Debug|Any CPU
		{CF3FF1DF-6C3A-4F78-AD79-3421F1159706}.Debug|Any CPU.Build.0 = Debug|Any CPU
		{CF3FF1DF-6C3A-4F78-AD79-3421F1159706}.Release|Any CPU.ActiveCfg = Release|Any CPU
		{CF3FF1DF-6C3A-4F78-AD79-3421F1159706}.Release|Any CPU.Build.0 = Release|Any CPU
	EndGlobalSection
	GlobalSection(SolutionProperties) = preSolution
		HideSolutionNode = FALSE
	EndGlobalSection
	GlobalSection(ExtensibilityGlobals) = postSolution
		SolutionGuid = {7F78DB7E-82BD-4554-94BB-767A2C0B66B4}
	EndGlobalSection
EndGlobal
